{
  "name": "food-spots",
  "version": "1.0.0",
  "lockfileVersion": 1,
  "requires": true,
  "dependencies": {
    "aws-serverless-express": {
      "version": "3.1.3",
      "resolved": "https://registry.npmjs.org/aws-serverless-express/-/aws-serverless-express-3.1.3.tgz",
      "integrity": "sha512-RdK5e3ZFYmanURG16Oy+Qr1cTV4wSUubqqwKWSDuO1s/6ZMpdwy1oWXa7SUwTBk59i3Ucb8AFdJeu1j2v4dTFg==",
      "requires": {
        "binary-case": "1.1.4"
      }
    },
    "binary-case": {
      "version": "1.1.4",
      "resolved": "https://registry.npmjs.org/binary-case/-/binary-case-1.1.4.tgz",
      "integrity": "sha512-9Kq8m6NZTAgy05Ryuh7U3Qc4/ujLQU1AZ5vMw4cr3igTdi5itZC6kCNrRr2X8NzPiDn2oUIFTfa71DKMnue/Zg=="
    }
  }
}
